
Microsoft Visual Studio Solution File, Format Version 12.00
# Visual Studio Version 17
VisualStudioVersion = 17.5.33516.290
MinimumVisualStudioVersion = 10.0.40219.1
Project("{FAE04EC0-301F-11D3-BF4B-00C04F79EFBC}") = "SZTGUI_LAB_4", "SZTGUI_LAB_4\SZTGUI_LAB_4.csproj", "{647F80D9-703E-4FAE-AD94-9E5ECE1D3382}"
EndProject
Global
	GlobalSection(SolutionConfigurationPlatforms) = preSolution
		Debug|Any CPU = Debug|Any CPU
		Release|Any CPU = Release|Any CPU
	EndGlobalSection
	GlobalSection(ProjectConfigurationPlatforms) = postSolution
		{647F80D9-703E-4FAE-AD94-9E5ECE1D3382}.Debug|Any CPU.ActiveCfg = Debug|Any CPU
		{647F80D9-703E-4FAE-AD94-9E5ECE1D3382}.Debug|Any CPU.Build.0 = Debug|Any CPU
		{647F80D9-703E-4FAE-AD94-9E5ECE1D3382}.Release|Any CPU.ActiveCfg = Release|Any CPU
		{647F80D9-703E-4FAE-AD94-9E5ECE1D3382}.Release|Any CPU.Build.0 = Release|Any CPU
	EndGlobalSection
	GlobalSection(SolutionProperties) = preSolution
		HideSolutionNode = FALSE
	EndGlobalSection
	GlobalSection(ExtensibilityGlobals) = postSolution
		SolutionGuid = {F32B228C-487D-400C-93C9-6E0DF2F4B953}
	EndGlobalSection
EndGlobal
